// !$*UTF8*$!
{
	archiveVersion = 1;
	classes = {
	};
	objectVersion = 46;
	objects = {

/* Begin PBXBuildFile section */
		1A5807161B26028F007265D1 /* TealiumLibrary.framework in Frameworks */ = {isa = PBXBuildFile; fileRef = 1A5807141B260257007265D1 /* TealiumLibrary.framework */; };
		1A5807181B260672007265D1 /* GoogleMobileAds.framework in Frameworks */ = {isa = PBXBuildFile; fileRef = 1A5807171B260672007265D1 /* GoogleMobileAds.framework */; };
		1A5E3B511B24ABFE004AFF7A /* VendorAdViewController.m in Sources */ = {isa = PBXBuildFile; fileRef = 1A5E3B501B24ABFE004AFF7A /* VendorAdViewController.m */; };
		1A5E3B541B24AD31004AFF7A /* TealiumDFPTagBridge.m in Sources */ = {isa = PBXBuildFile; fileRef = 1A5E3B531B24AD31004AFF7A /* TealiumDFPTagBridge.m */; };
		71597D0F1B75156400D374FC /* TEALGoogleDFPAdStore.m in Sources */ = {isa = PBXBuildFile; fileRef = 71597D0E1B75156400D374FC /* TEALGoogleDFPAdStore.m */; };
		715CD45D1B74171500290F06 /* TEALGoogleDFPRemoteCommands.m in Sources */ = {isa = PBXBuildFile; fileRef = 715CD45C1B74171500290F06 /* TEALGoogleDFPRemoteCommands.m */; };
		71D577E81B79195B00041762 /* GADBannerView+Tealium.m in Sources */ = {isa = PBXBuildFile; fileRef = 71D577E71B79195B00041762 /* GADBannerView+Tealium.m */; };
		71D577EB1B791FAA00041762 /* GADInterstitial+Tealium.m in Sources */ = {isa = PBXBuildFile; fileRef = 71D577EA1B791FAA00041762 /* GADInterstitial+Tealium.m */; };
		71E381F619E29E0100DFC70E /* AppDelegate.m in Sources */ = {isa = PBXBuildFile; fileRef = 71E381E919E29E0100DFC70E /* AppDelegate.m */; };
		71E381F719E29E0100DFC70E /* LaunchScreen.xib in Resources */ = {isa = PBXBuildFile; fileRef = 71E381EA19E29E0100DFC70E /* LaunchScreen.xib */; };
		71E381F819E29E0100DFC70E /* Main.storyboard in Resources */ = {isa = PBXBuildFile; fileRef = 71E381EC19E29E0100DFC70E /* Main.storyboard */; };
		71E381F919E29E0100DFC70E /* Images.xcassets in Resources */ = {isa = PBXBuildFile; fileRef = 71E381EE19E29E0100DFC70E /* Images.xcassets */; };
		71E381FB19E29E0100DFC70E /* main.m in Sources */ = {isa = PBXBuildFile; fileRef = 71E381F019E29E0100DFC70E /* main.m */; };
		71E381FC19E29E0100DFC70E /* ViewController.m in Sources */ = {isa = PBXBuildFile; fileRef = 71E381F219E29E0100DFC70E /* ViewController.m */; };
		71E3823819E2A14500DFC70E /* BlankApp_TealiumFullLibraryTests.m in Sources */ = {isa = PBXBuildFile; fileRef = 71E3823719E2A14500DFC70E /* BlankApp_TealiumFullLibraryTests.m */; };
		71FA38D61B7A301800D61DD4 /* TEALGoogleDFPConstants.m in Sources */ = {isa = PBXBuildFile; fileRef = 71FA38D51B7A301800D61DD4 /* TEALGoogleDFPConstants.m */; };
		E77E03BD19C75EDA009D81D5 /* SystemConfiguration.framework in Frameworks */ = {isa = PBXBuildFile; fileRef = E77E03BC19C75EDA009D81D5 /* SystemConfiguration.framework */; };
/* End PBXBuildFile section */

/* Begin PBXContainerItemProxy section */
		71E3823919E2A14500DFC70E /* PBXContainerItemProxy */ = {
			isa = PBXContainerItemProxy;
			containerPortal = E77E038819C75E3C009D81D5 /* Project object */;
			proxyType = 1;
			remoteGlobalIDString = E77E038F19C75E3C009D81D5;
			remoteInfo = BlankApp_TealiumFullLibrary;
		};
/* End PBXContainerItemProxy section */

/* Begin PBXFileReference section */
		1A5807141B260257007265D1 /* TealiumLibrary.framework */ = {isa = PBXFileReference; lastKnownFileType = wrapper.framework; path = TealiumLibrary.framework; sourceTree = "<group>"; };
		1A5807171B260672007265D1 /* GoogleMobileAds.framework */ = {isa = PBXFileReference; lastKnownFileType = wrapper.framework; path = GoogleMobileAds.framework; sourceTree = "<group>"; };
		1A5E3B4F1B24ABFE004AFF7A /* VendorAdViewController.h */ = {isa = PBXFileReference; fileEncoding = 4; lastKnownFileType = sourcecode.c.h; path = VendorAdViewController.h; sourceTree = "<group>"; };
		1A5E3B501B24ABFE004AFF7A /* VendorAdViewController.m */ = {isa = PBXFileReference; fileEncoding = 4; lastKnownFileType = sourcecode.c.objc; path = VendorAdViewController.m; sourceTree = "<group>"; };
		1A5E3B521B24AD31004AFF7A /* TealiumDFPTagBridge.h */ = {isa = PBXFileReference; fileEncoding = 4; lastKnownFileType = sourcecode.c.h; path = TealiumDFPTagBridge.h; sourceTree = "<group>"; };
		1A5E3B531B24AD31004AFF7A /* TealiumDFPTagBridge.m */ = {isa = PBXFileReference; fileEncoding = 4; lastKnownFileType = sourcecode.c.objc; path = TealiumDFPTagBridge.m; sourceTree = "<group>"; };
		71597D0D1B75156400D374FC /* TEALGoogleDFPAdStore.h */ = {isa = PBXFileReference; fileEncoding = 4; lastKnownFileType = sourcecode.c.h; path = TEALGoogleDFPAdStore.h; sourceTree = "<group>"; };
		71597D0E1B75156400D374FC /* TEALGoogleDFPAdStore.m */ = {isa = PBXFileReference; fileEncoding = 4; lastKnownFileType = sourcecode.c.objc; path = TEALGoogleDFPAdStore.m; sourceTree = "<group>"; };
		715CD45B1B74171500290F06 /* TEALGoogleDFPRemoteCommands.h */ = {isa = PBXFileReference; fileEncoding = 4; lastKnownFileType = sourcecode.c.h; path = TEALGoogleDFPRemoteCommands.h; sourceTree = "<group>"; };
		715CD45C1B74171500290F06 /* TEALGoogleDFPRemoteCommands.m */ = {isa = PBXFileReference; fileEncoding = 4; lastKnownFileType = sourcecode.c.objc; path = TEALGoogleDFPRemoteCommands.m; sourceTree = "<group>"; };
		71D577E61B79195B00041762 /* GADBannerView+Tealium.h */ = {isa = PBXFileReference; fileEncoding = 4; lastKnownFileType = sourcecode.c.h; path = "GADBannerView+Tealium.h"; sourceTree = "<group>"; };
		71D577E71B79195B00041762 /* GADBannerView+Tealium.m */ = {isa = PBXFileReference; fileEncoding = 4; lastKnownFileType = sourcecode.c.objc; path = "GADBannerView+Tealium.m"; sourceTree = "<group>"; };
		71D577E91B791FAA00041762 /* GADInterstitial+Tealium.h */ = {isa = PBXFileReference; fileEncoding = 4; lastKnownFileType = sourcecode.c.h; path = "GADInterstitial+Tealium.h"; sourceTree = "<group>"; };
		71D577EA1B791FAA00041762 /* GADInterstitial+Tealium.m */ = {isa = PBXFileReference; fileEncoding = 4; lastKnownFileType = sourcecode.c.objc; path = "GADInterstitial+Tealium.m"; sourceTree = "<group>"; };
		71E381E819E29E0100DFC70E /* AppDelegate.h */ = {isa = PBXFileReference; fileEncoding = 4; lastKnownFileType = sourcecode.c.h; path = AppDelegate.h; sourceTree = "<group>"; };
		71E381E919E29E0100DFC70E /* AppDelegate.m */ = {isa = PBXFileReference; fileEncoding = 4; lastKnownFileType = sourcecode.c.objc; path = AppDelegate.m; sourceTree = "<group>"; };
		71E381EB19E29E0100DFC70E /* Base */ = {isa = PBXFileReference; lastKnownFileType = file.xib; name = Base; path = Base.lproj/LaunchScreen.xib; sourceTree = "<group>"; };
		71E381ED19E29E0100DFC70E /* Base */ = {isa = PBXFileReference; lastKnownFileType = file.storyboard; name = Base; path = Base.lproj/Main.storyboard; sourceTree = "<group>"; };
		71E381EE19E29E0100DFC70E /* Images.xcassets */ = {isa = PBXFileReference; lastKnownFileType = folder.assetcatalog; path = Images.xcassets; sourceTree = "<group>"; };
		71E381EF19E29E0100DFC70E /* Info.plist */ = {isa = PBXFileReference; fileEncoding = 4; lastKnownFileType = text.plist.xml; path = Info.plist; sourceTree = "<group>"; };
		71E381F019E29E0100DFC70E /* main.m */ = {isa = PBXFileReference; fileEncoding = 4; lastKnownFileType = sourcecode.c.objc; path = main.m; sourceTree = "<group>"; };
		71E381F119E29E0100DFC70E /* ViewController.h */ = {isa = PBXFileReference; fileEncoding = 4; lastKnownFileType = sourcecode.c.h; path = ViewController.h; sourceTree = "<group>"; };
		71E381F219E29E0100DFC70E /* ViewController.m */ = {isa = PBXFileReference; fileEncoding = 4; lastKnownFileType = sourcecode.c.objc; path = ViewController.m; sourceTree = "<group>"; };
		71E3823319E2A14500DFC70E /* BlankApp_TealiumFullLibraryTests.xctest */ = {isa = PBXFileReference; explicitFileType = wrapper.cfbundle; includeInIndex = 0; path = BlankApp_TealiumFullLibraryTests.xctest; sourceTree = BUILT_PRODUCTS_DIR; };
		71E3823619E2A14500DFC70E /* Info.plist */ = {isa = PBXFileReference; lastKnownFileType = text.plist.xml; path = Info.plist; sourceTree = "<group>"; };
		71E3823719E2A14500DFC70E /* BlankApp_TealiumFullLibraryTests.m */ = {isa = PBXFileReference; lastKnownFileType = sourcecode.c.objc; path = BlankApp_TealiumFullLibraryTests.m; sourceTree = "<group>"; };
		71FA38D41B7A301800D61DD4 /* TEALGoogleDFPConstants.h */ = {isa = PBXFileReference; fileEncoding = 4; lastKnownFileType = sourcecode.c.h; path = TEALGoogleDFPConstants.h; sourceTree = "<group>"; };
		71FA38D51B7A301800D61DD4 /* TEALGoogleDFPConstants.m */ = {isa = PBXFileReference; fileEncoding = 4; lastKnownFileType = sourcecode.c.objc; path = TEALGoogleDFPConstants.m; sourceTree = "<group>"; };
		E77E039019C75E3C009D81D5 /* BlankApp_TealiumFullLibrary.app */ = {isa = PBXFileReference; explicitFileType = wrapper.application; includeInIndex = 0; path = BlankApp_TealiumFullLibrary.app; sourceTree = BUILT_PRODUCTS_DIR; };
		E77E03BC19C75EDA009D81D5 /* SystemConfiguration.framework */ = {isa = PBXFileReference; lastKnownFileType = wrapper.framework; name = SystemConfiguration.framework; path = System/Library/Frameworks/SystemConfiguration.framework; sourceTree = SDKROOT; };
/* End PBXFileReference section */

/* Begin PBXFrameworksBuildPhase section */
		71E3823019E2A14500DFC70E /* Frameworks */ = {
			isa = PBXFrameworksBuildPhase;
			buildActionMask = 2147483647;
			files = (
			);
			runOnlyForDeploymentPostprocessing = 0;
		};
		E77E038D19C75E3C009D81D5 /* Frameworks */ = {
			isa = PBXFrameworksBuildPhase;
			buildActionMask = 2147483647;
			files = (
				1A5807181B260672007265D1 /* GoogleMobileAds.framework in Frameworks */,
				1A5807161B26028F007265D1 /* TealiumLibrary.framework in Frameworks */,
				E77E03BD19C75EDA009D81D5 /* SystemConfiguration.framework in Frameworks */,
			);
			runOnlyForDeploymentPostprocessing = 0;
		};
/* End PBXFrameworksBuildPhase section */

/* Begin PBXGroup section */
		1A5E3B551B24AD39004AFF7A /* Tealium */ = {
			isa = PBXGroup;
			children = (
				1A5E3B521B24AD31004AFF7A /* TealiumDFPTagBridge.h */,
				1A5E3B531B24AD31004AFF7A /* TealiumDFPTagBridge.m */,
				715CD45B1B74171500290F06 /* TEALGoogleDFPRemoteCommands.h */,
				715CD45C1B74171500290F06 /* TEALGoogleDFPRemoteCommands.m */,
				71597D0D1B75156400D374FC /* TEALGoogleDFPAdStore.h */,
				71597D0E1B75156400D374FC /* TEALGoogleDFPAdStore.m */,
				71FA38D41B7A301800D61DD4 /* TEALGoogleDFPConstants.h */,
				71FA38D51B7A301800D61DD4 /* TEALGoogleDFPConstants.m */,
				71D577E61B79195B00041762 /* GADBannerView+Tealium.h */,
				71D577E71B79195B00041762 /* GADBannerView+Tealium.m */,
				71D577E91B791FAA00041762 /* GADInterstitial+Tealium.h */,
				71D577EA1B791FAA00041762 /* GADInterstitial+Tealium.m */,
			);
			name = Tealium;
			sourceTree = "<group>";
		};
		71E381E719E29E0100DFC70E /* BlankApp_TealiumFullLibrary */ = {
			isa = PBXGroup;
			children = (
				1A5E3B551B24AD39004AFF7A /* Tealium */,
				71E381E819E29E0100DFC70E /* AppDelegate.h */,
				71E381E919E29E0100DFC70E /* AppDelegate.m */,
				71E381EA19E29E0100DFC70E /* LaunchScreen.xib */,
				71E381EC19E29E0100DFC70E /* Main.storyboard */,
				71E381EE19E29E0100DFC70E /* Images.xcassets */,
				71E381EF19E29E0100DFC70E /* Info.plist */,
				71E381F019E29E0100DFC70E /* main.m */,
				71E381F119E29E0100DFC70E /* ViewController.h */,
				71E381F219E29E0100DFC70E /* ViewController.m */,
				1A5E3B4F1B24ABFE004AFF7A /* VendorAdViewController.h */,
				1A5E3B501B24ABFE004AFF7A /* VendorAdViewController.m */,
			);
			path = BlankApp_TealiumFullLibrary;
			sourceTree = "<group>";
		};
		71E3823419E2A14500DFC70E /* BlankApp_TealiumFullLibraryTests */ = {
			isa = PBXGroup;
			children = (
				71E3823719E2A14500DFC70E /* BlankApp_TealiumFullLibraryTests.m */,
				71E3823519E2A14500DFC70E /* Supporting Files */,
			);
			path = BlankApp_TealiumFullLibraryTests;
			sourceTree = "<group>";
		};
		71E3823519E2A14500DFC70E /* Supporting Files */ = {
			isa = PBXGroup;
			children = (
				71E3823619E2A14500DFC70E /* Info.plist */,
			);
			name = "Supporting Files";
			sourceTree = "<group>";
		};
		E77E038719C75E3C009D81D5 = {
			isa = PBXGroup;
			children = (
				71E381E719E29E0100DFC70E /* BlankApp_TealiumFullLibrary */,
				71E3823419E2A14500DFC70E /* BlankApp_TealiumFullLibraryTests */,
				E77E03BB19C75EC5009D81D5 /* Frameworks */,
				E77E039119C75E3C009D81D5 /* Products */,
			);
			sourceTree = "<group>";
		};
		E77E039119C75E3C009D81D5 /* Products */ = {
			isa = PBXGroup;
			children = (
				E77E039019C75E3C009D81D5 /* BlankApp_TealiumFullLibrary.app */,
				71E3823319E2A14500DFC70E /* BlankApp_TealiumFullLibraryTests.xctest */,
			);
			name = Products;
			sourceTree = "<group>";
		};
		E77E03BB19C75EC5009D81D5 /* Frameworks */ = {
			isa = PBXGroup;
			children = (
				1A5807171B260672007265D1 /* GoogleMobileAds.framework */,
				1A5807141B260257007265D1 /* TealiumLibrary.framework */,
				E77E03BC19C75EDA009D81D5 /* SystemConfiguration.framework */,
			);
			name = Frameworks;
			sourceTree = "<group>";
		};
/* End PBXGroup section */

/* Begin PBXNativeTarget section */
		71E3823219E2A14500DFC70E /* BlankApp_TealiumFullLibraryTests */ = {
			isa = PBXNativeTarget;
			buildConfigurationList = 71E3823B19E2A14500DFC70E /* Build configuration list for PBXNativeTarget "BlankApp_TealiumFullLibraryTests" */;
			buildPhases = (
				71E3822F19E2A14500DFC70E /* Sources */,
				71E3823019E2A14500DFC70E /* Frameworks */,
				71E3823119E2A14500DFC70E /* Resources */,
			);
			buildRules = (
			);
			dependencies = (
				71E3823A19E2A14500DFC70E /* PBXTargetDependency */,
			);
			name = BlankApp_TealiumFullLibraryTests;
			productName = BlankApp_TealiumFullLibraryTests;
			productReference = 71E3823319E2A14500DFC70E /* BlankApp_TealiumFullLibraryTests.xctest */;
			productType = "com.apple.product-type.bundle.unit-test";
		};
		E77E038F19C75E3C009D81D5 /* BlankApp_TealiumFullLibrary */ = {
			isa = PBXNativeTarget;
			buildConfigurationList = E77E03B319C75E3D009D81D5 /* Build configuration list for PBXNativeTarget "BlankApp_TealiumFullLibrary" */;
			buildPhases = (
				E77E038C19C75E3C009D81D5 /* Sources */,
				E77E038D19C75E3C009D81D5 /* Frameworks */,
				E77E038E19C75E3C009D81D5 /* Resources */,
			);
			buildRules = (
			);
			dependencies = (
			);
			name = BlankApp_TealiumFullLibrary;
			productName = "BlankApp+TealiumFullLibrary";
			productReference = E77E039019C75E3C009D81D5 /* BlankApp_TealiumFullLibrary.app */;
			productType = "com.apple.product-type.application";
		};
/* End PBXNativeTarget section */

/* Begin PBXProject section */
		E77E038819C75E3C009D81D5 /* Project object */ = {
			isa = PBXProject;
			attributes = {
				LastUpgradeCheck = 0610;
				ORGANIZATIONNAME = tealium;
				TargetAttributes = {
					71E3823219E2A14500DFC70E = {
						CreatedOnToolsVersion = 6.0.1;
						TestTargetID = E77E038F19C75E3C009D81D5;
					};
					E77E038F19C75E3C009D81D5 = {
						CreatedOnToolsVersion = 6.0;
					};
				};
			};
			buildConfigurationList = E77E038B19C75E3C009D81D5 /* Build configuration list for PBXProject "BlankApp_TealiumFullLibrary" */;
			compatibilityVersion = "Xcode 3.2";
			developmentRegion = English;
			hasScannedForEncodings = 0;
			knownRegions = (
				en,
				Base,
			);
			mainGroup = E77E038719C75E3C009D81D5;
			productRefGroup = E77E039119C75E3C009D81D5 /* Products */;
			projectDirPath = "";
			projectRoot = "";
			targets = (
				E77E038F19C75E3C009D81D5 /* BlankApp_TealiumFullLibrary */,
				71E3823219E2A14500DFC70E /* BlankApp_TealiumFullLibraryTests */,
			);
		};
/* End PBXProject section */

/* Begin PBXResourcesBuildPhase section */
		71E3823119E2A14500DFC70E /* Resources */ = {
			isa = PBXResourcesBuildPhase;
			buildActionMask = 2147483647;
			files = (
			);
			runOnlyForDeploymentPostprocessing = 0;
		};
		E77E038E19C75E3C009D81D5 /* Resources */ = {
			isa = PBXResourcesBuildPhase;
			buildActionMask = 2147483647;
			files = (
				71E381F919E29E0100DFC70E /* Images.xcassets in Resources */,
				71E381F719E29E0100DFC70E /* LaunchScreen.xib in Resources */,
				71E381F819E29E0100DFC70E /* Main.storyboard in Resources */,
			);
			runOnlyForDeploymentPostprocessing = 0;
		};
/* End PBXResourcesBuildPhase section */

/* Begin PBXSourcesBuildPhase section */
		71E3822F19E2A14500DFC70E /* Sources */ = {
			isa = PBXSourcesBuildPhase;
			buildActionMask = 2147483647;
			files = (
				71E3823819E2A14500DFC70E /* BlankApp_TealiumFullLibraryTests.m in Sources */,
			);
			runOnlyForDeploymentPostprocessing = 0;
		};
		E77E038C19C75E3C009D81D5 /* Sources */ = {
			isa = PBXSourcesBuildPhase;
			buildActionMask = 2147483647;
			files = (
				71E381FC19E29E0100DFC70E /* ViewController.m in Sources */,
				71FA38D61B7A301800D61DD4 /* TEALGoogleDFPConstants.m in Sources */,
				71D577E81B79195B00041762 /* GADBannerView+Tealium.m in Sources */,
				715CD45D1B74171500290F06 /* TEALGoogleDFPRemoteCommands.m in Sources */,
				71D577EB1B791FAA00041762 /* GADInterstitial+Tealium.m in Sources */,
				1A5E3B541B24AD31004AFF7A /* TealiumDFPTagBridge.m in Sources */,
				71597D0F1B75156400D374FC /* TEALGoogleDFPAdStore.m in Sources */,
				1A5E3B511B24ABFE004AFF7A /* VendorAdViewController.m in Sources */,
				71E381FB19E29E0100DFC70E /* main.m in Sources */,
				71E381F619E29E0100DFC70E /* AppDelegate.m in Sources */,
			);
			runOnlyForDeploymentPostprocessing = 0;
		};
/* End PBXSourcesBuildPhase section */

/* Begin PBXTargetDependency section */
		71E3823A19E2A14500DFC70E /* PBXTargetDependency */ = {
			isa = PBXTargetDependency;
			target = E77E038F19C75E3C009D81D5 /* BlankApp_TealiumFullLibrary */;
			targetProxy = 71E3823919E2A14500DFC70E /* PBXContainerItemProxy */;
		};
/* End PBXTargetDependency section */

/* Begin PBXVariantGroup section */
		71E381EA19E29E0100DFC70E /* LaunchScreen.xib */ = {
			isa = PBXVariantGroup;
			children = (
				71E381EB19E29E0100DFC70E /* Base */,
			);
			name = LaunchScreen.xib;
			sourceTree = "<group>";
		};
		71E381EC19E29E0100DFC70E /* Main.storyboard */ = {
			isa = PBXVariantGroup;
			children = (
				71E381ED19E29E0100DFC70E /* Base */,
			);
			name = Main.storyboard;
			sourceTree = "<group>";
		};
/* End PBXVariantGroup section */

/* Begin XCBuildConfiguration section */
		71E3823C19E2A14500DFC70E /* Debug */ = {
			isa = XCBuildConfiguration;
			buildSettings = {
				FRAMEWORK_SEARCH_PATHS = (
					"$(SDKROOT)/Developer/Library/Frameworks",
					"$(inherited)",
				);
				GCC_PREPROCESSOR_DEFINITIONS = (
					"DEBUG=1",
					"$(inherited)",
				);
				INFOPLIST_FILE = BlankApp_TealiumFullLibraryTests/Info.plist;
				LD_RUNPATH_SEARCH_PATHS = "$(inherited) @executable_path/Frameworks @loader_path/Frameworks";
				PRODUCT_NAME = "$(TARGET_NAME)";
				TEST_HOST = "$(BUILT_PRODUCTS_DIR)/BlankApp_TealiumFullLibrary.app/BlankApp_TealiumFullLibrary";
			};
			name = Debug;
		};
		71E3823D19E2A14500DFC70E /* Release */ = {
			isa = XCBuildConfiguration;
			buildSettings = {
				FRAMEWORK_SEARCH_PATHS = (
					"$(SDKROOT)/Developer/Library/Frameworks",
					"$(inherited)",
				);
				INFOPLIST_FILE = BlankApp_TealiumFullLibraryTests/Info.plist;
				LD_RUNPATH_SEARCH_PATHS = "$(inherited) @executable_path/Frameworks @loader_path/Frameworks";
				PRODUCT_NAME = "$(TARGET_NAME)";
				TEST_HOST = "$(BUILT_PRODUCTS_DIR)/BlankApp_TealiumFullLibrary.app/BlankApp_TealiumFullLibrary";
			};
			name = Release;
		};
		E77E03B119C75E3D009D81D5 /* Debug */ = {
			isa = XCBuildConfiguration;
			buildSettings = {
				ALWAYS_SEARCH_USER_PATHS = NO;
				CLANG_CXX_LANGUAGE_STANDARD = "gnu++0x";
				CLANG_CXX_LIBRARY = "libc++";
				CLANG_ENABLE_MODULES = YES;
				CLANG_ENABLE_OBJC_ARC = YES;
				CLANG_WARN_BOOL_CONVERSION = YES;
				CLANG_WARN_CONSTANT_CONVERSION = YES;
				CLANG_WARN_DIRECT_OBJC_ISA_USAGE = YES_ERROR;
				CLANG_WARN_EMPTY_BODY = YES;
				CLANG_WARN_ENUM_CONVERSION = YES;
				CLANG_WARN_INT_CONVERSION = YES;
				CLANG_WARN_OBJC_ROOT_CLASS = YES_ERROR;
				CLANG_WARN_UNREACHABLE_CODE = YES;
				CLANG_WARN__DUPLICATE_METHOD_MATCH = YES;
				"CODE_SIGN_IDENTITY[sdk=iphoneos*]" = "iPhone Developer";
				COPY_PHASE_STRIP = NO;
				ENABLE_STRICT_OBJC_MSGSEND = YES;
				GCC_C_LANGUAGE_STANDARD = gnu99;
				GCC_DYNAMIC_NO_PIC = NO;
				GCC_OPTIMIZATION_LEVEL = 0;
				GCC_PREPROCESSOR_DEFINITIONS = (
					"DEBUG=1",
					"$(inherited)",
				);
				GCC_SYMBOLS_PRIVATE_EXTERN = NO;
				GCC_WARN_64_TO_32_BIT_CONVERSION = YES;
				GCC_WARN_ABOUT_RETURN_TYPE = YES_ERROR;
				GCC_WARN_UNDECLARED_SELECTOR = YES;
				GCC_WARN_UNINITIALIZED_AUTOS = YES_AGGRESSIVE;
				GCC_WARN_UNUSED_FUNCTION = YES;
				GCC_WARN_UNUSED_VARIABLE = YES;
				IPHONEOS_DEPLOYMENT_TARGET = 8.0;
				MTL_ENABLE_DEBUG_INFO = YES;
				ONLY_ACTIVE_ARCH = YES;
				SDKROOT = iphoneos;
				TARGETED_DEVICE_FAMILY = "1,2";
			};
			name = Debug;
		};
		E77E03B219C75E3D009D81D5 /* Release */ = {
			isa = XCBuildConfiguration;
			buildSettings = {
				ALWAYS_SEARCH_USER_PATHS = NO;
				CLANG_CXX_LANGUAGE_STANDARD = "gnu++0x";
				CLANG_CXX_LIBRARY = "libc++";
				CLANG_ENABLE_MODULES = YES;
				CLANG_ENABLE_OBJC_ARC = YES;
				CLANG_WARN_BOOL_CONVERSION = YES;
				CLANG_WARN_CONSTANT_CONVERSION = YES;
				CLANG_WARN_DIRECT_OBJC_ISA_USAGE = YES_ERROR;
				CLANG_WARN_EMPTY_BODY = YES;
				CLANG_WARN_ENUM_CONVERSION = YES;
				CLANG_WARN_INT_CONVERSION = YES;
				CLANG_WARN_OBJC_ROOT_CLASS = YES_ERROR;
				CLANG_WARN_UNREACHABLE_CODE = YES;
				CLANG_WARN__DUPLICATE_METHOD_MATCH = YES;
				"CODE_SIGN_IDENTITY[sdk=iphoneos*]" = "iPhone Developer";
				COPY_PHASE_STRIP = YES;
				ENABLE_NS_ASSERTIONS = NO;
				ENABLE_STRICT_OBJC_MSGSEND = YES;
				GCC_C_LANGUAGE_STANDARD = gnu99;
				GCC_WARN_64_TO_32_BIT_CONVERSION = YES;
				GCC_WARN_ABOUT_RETURN_TYPE = YES_ERROR;
				GCC_WARN_UNDECLARED_SELECTOR = YES;
				GCC_WARN_UNINITIALIZED_AUTOS = YES_AGGRESSIVE;
				GCC_WARN_UNUSED_FUNCTION = YES;
				GCC_WARN_UNUSED_VARIABLE = YES;
				IPHONEOS_DEPLOYMENT_TARGET = 8.0;
				MTL_ENABLE_DEBUG_INFO = NO;
				SDKROOT = iphoneos;
				TARGETED_DEVICE_FAMILY = "1,2";
				VALIDATE_PRODUCT = YES;
			};
			name = Release;
		};
		E77E03B419C75E3D009D81D5 /* Debug */ = {
			isa = XCBuildConfiguration;
			buildSettings = {
				ASSETCATALOG_COMPILER_APPICON_NAME = AppIcon;
				FRAMEWORK_SEARCH_PATHS = (
					"$(inherited)",
					"$(PROJECT_DIR)",
				);
				INFOPLIST_FILE = "$(SRCROOT)/BlankApp_TealiumFullLibrary/Info.plist";
				LD_RUNPATH_SEARCH_PATHS = "$(inherited) @executable_path/Frameworks";
				OTHER_LDFLAGS = (
					"-ObjC",
					"-all_load",
				);
				PRODUCT_NAME = BlankApp_TealiumFullLibrary;
			};
			name = Debug;
		};
		E77E03B519C75E3D009D81D5 /* Release */ = {
			isa = XCBuildConfiguration;
			buildSettings = {
				ASSETCATALOG_COMPILER_APPICON_NAME = AppIcon;
				FRAMEWORK_SEARCH_PATHS = (
					"$(inherited)",
					"$(PROJECT_DIR)",
				);
				INFOPLIST_FILE = "$(SRCROOT)/BlankApp_TealiumFullLibrary/Info.plist";
				LD_RUNPATH_SEARCH_PATHS = "$(inherited) @executable_path/Frameworks";
				OTHER_LDFLAGS = (
					"-ObjC",
					"-all_load",
				);
				PRODUCT_NAME = BlankApp_TealiumFullLibrary;
			};
			name = Release;
		};
/* End XCBuildConfiguration section */

/* Begin XCConfigurationList section */
		71E3823B19E2A14500DFC70E /* Build configuration list for PBXNativeTarget "BlankApp_TealiumFullLibraryTests" */ = {
			isa = XCConfigurationList;
			buildConfigurations = (
				71E3823C19E2A14500DFC70E /* Debug */,
				71E3823D19E2A14500DFC70E /* Release */,
			);
			defaultConfigurationIsVisible = 0;
			defaultConfigurationName = Release;
		};
		E77E038B19C75E3C009D81D5 /* Build configuration list for PBXProject "BlankApp_TealiumFullLibrary" */ = {
			isa = XCConfigurationList;
			buildConfigurations = (
				E77E03B119C75E3D009D81D5 /* Debug */,
				E77E03B219C75E3D009D81D5 /* Release */,
			);
			defaultConfigurationIsVisible = 0;
			defaultConfigurationName = Release;
		};
		E77E03B319C75E3D009D81D5 /* Build configuration list for PBXNativeTarget "BlankApp_TealiumFullLibrary" */ = {
			isa = XCConfigurationList;
			buildConfigurations = (
				E77E03B419C75E3D009D81D5 /* Debug */,
				E77E03B519C75E3D009D81D5 /* Release */,
			);
			defaultConfigurationIsVisible = 0;
			defaultConfigurationName = Release;
		};
/* End XCConfigurationList section */
	};
	rootObject = E77E038819C75E3C009D81D5 /* Project object */;
}
